
Microsoft Visual Studio Solution File, Format Version 12.00
# Visual Studio Version 17
VisualStudioVersion = 17.6.33815.320
MinimumVisualStudioVersion = 10.0.40219.1
Project("{FAE04EC0-301F-11D3-BF4B-00C04F79EFBC}") = "MovieManagement.API", "MovieManagement.API\MovieManagement.API.csproj", "{D3DB4CD3-AD71-4DB5-B0E4-04213CCF49D0}"
EndProject
Project("{FAE04EC0-301F-11D3-BF4B-00C04F79EFBC}") = "MovieManagement.Domain", "MovieManagement.Domain\MovieManagement.Domain.csproj", "{2B6361C0-3B87-45FA-B3A4-4E85B2A2CA47}"
EndProject
Project("{FAE04EC0-301F-11D3-BF4B-00C04F79EFBC}") = "MovieManagement.DataAccess", "MovieManagement.DataAccess\MovieManagement.DataAccess.csproj", "{0EEEA3A3-BA0C-48C8-B82C-425F37775A0E}"
EndProject
Global
	GlobalSection(SolutionConfigurationPlatforms) = preSolution
		Debug|Any CPU = Debug|Any CPU
		Release|Any CPU = Release|Any CPU
	EndGlobalSection
	GlobalSection(ProjectConfigurationPlatforms) = postSolution
		{D3DB4CD3-AD71-4DB5-B0E4-04213CCF49D0}.Debug|Any CPU.ActiveCfg = Debug|Any CPU
		{D3DB4CD3-AD71-4DB5-B0E4-04213CCF49D0}.Debug|Any CPU.Build.0 = Debug|Any CPU
		{D3DB4CD3-AD71-4DB5-B0E4-04213CCF49D0}.Release|Any CPU.ActiveCfg = Release|Any CPU
		{D3DB4CD3-AD71-4DB5-B0E4-04213CCF49D0}.Release|Any CPU.Build.0 = Release|Any CPU
		{2B6361C0-3B87-45FA-B3A4-4E85B2A2CA47}.Debug|Any CPU.ActiveCfg = Debug|Any CPU
		{2B6361C0-3B87-45FA-B3A4-4E85B2A2CA47}.Debug|Any CPU.Build.0 = Debug|Any CPU
		{2B6361C0-3B87-45FA-B3A4-4E85B2A2CA47}.Release|Any CPU.ActiveCfg = Release|Any CPU
		{2B6361C0-3B87-45FA-B3A4-4E85B2A2CA47}.Release|Any CPU.Build.0 = Release|Any CPU
		{0EEEA3A3-BA0C-48C8-B82C-425F37775A0E}.Debug|Any CPU.ActiveCfg = Debug|Any CPU
		{0EEEA3A3-BA0C-48C8-B82C-425F37775A0E}.Debug|Any CPU.Build.0 = Debug|Any CPU
		{0EEEA3A3-BA0C-48C8-B82C-425F37775A0E}.Release|Any CPU.ActiveCfg = Release|Any CPU
		{0EEEA3A3-BA0C-48C8-B82C-425F37775A0E}.Release|Any CPU.Build.0 = Release|Any CPU
	EndGlobalSection
	GlobalSection(SolutionProperties) = preSolution
		HideSolutionNode = FALSE
	EndGlobalSection
	GlobalSection(ExtensibilityGlobals) = postSolution
		SolutionGuid = {C20CF485-72BB-44C5-B91C-695137ABE63A}
	EndGlobalSection
EndGlobal
